{
    "_meta": {
        "hash": {
            "sha256": "d4888bc3b7b94ef828214f95592bc02f21c69141b2be7aa37c16512e8d9da3c1"
        },
        "pipfile-spec": 6,
        "requires": {
            "python_version": "3.10.5"
        },
        "sources": [
            {
                "name": "pypi",
                "url": "https://pypi.python.org/simple",
                "verify_ssl": true
            }
        ]
    },
    "default": {},
    "develop": {}
}
